
Microsoft Visual Studio Solution File, Format Version 12.00
Project("{FAE04EC0-301F-11D3-BF4B-00C04F79EFBC}") = "Api", "Api\Api.csproj", "{3FE1DEA4-99CF-434E-B283-F526E3E48198}"
EndProject
Project("{2150E333-8FDC-42A3-9474-1A3956D46DE8}") = "Solution Items", "Solution Items", "{05B26EB7-59B4-4CB2-B7D5-749B69579B50}"
	ProjectSection(SolutionItems) = preProject
		compose.yaml = compose.yaml
	EndProjectSection
EndProject
Project("{FAE04EC0-301F-11D3-BF4B-00C04F79EFBC}") = "UnitTests", "Tests\UnitTests\UnitTests.csproj", "{CF0D86CD-2FA0-4B8E-A1E4-091582E2AD3B}"
EndProject
Global
	GlobalSection(SolutionConfigurationPlatforms) = preSolution
		Debug|Any CPU = Debug|Any CPU
		Release|Any CPU = Release|Any CPU
	EndGlobalSection
	GlobalSection(ProjectConfigurationPlatforms) = postSolution
		{3FE1DEA4-99CF-434E-B283-F526E3E48198}.Debug|Any CPU.ActiveCfg = Debug|Any CPU
		{3FE1DEA4-99CF-434E-B283-F526E3E48198}.Debug|Any CPU.Build.0 = Debug|Any CPU
		{3FE1DEA4-99CF-434E-B283-F526E3E48198}.Release|Any CPU.ActiveCfg = Release|Any CPU
		{3FE1DEA4-99CF-434E-B283-F526E3E48198}.Release|Any CPU.Build.0 = Release|Any CPU
		{CF0D86CD-2FA0-4B8E-A1E4-091582E2AD3B}.Debug|Any CPU.ActiveCfg = Debug|Any CPU
		{CF0D86CD-2FA0-4B8E-A1E4-091582E2AD3B}.Debug|Any CPU.Build.0 = Debug|Any CPU
		{CF0D86CD-2FA0-4B8E-A1E4-091582E2AD3B}.Release|Any CPU.ActiveCfg = Release|Any CPU
		{CF0D86CD-2FA0-4B8E-A1E4-091582E2AD3B}.Release|Any CPU.Build.0 = Release|Any CPU
	EndGlobalSection
EndGlobal
